// !$*UTF8*$!
{
	archiveVersion = 1;
	classes = {
	};
	objectVersion = 60;
	objects = {

/* Begin PBXBuildFile section */
		D85CD5732EC7B80D0008E8FC /* VoiceNotesListView.swift in Sources */ = {isa = PBXBuildFile; fileRef = D85CD5722EC7B80D0008E8FC /* VoiceNotesListView.swift */; };
		D85CD5752EC7B8400008E8FC /* NoteRow.swift in Sources */ = {isa = PBXBuildFile; fileRef = D85CD5742EC7B8400008E8FC /* NoteRow.swift */; };
		D85CD5772EC7B8690008E8FC /* VoiceNoteDetailView.swift in Sources */ = {isa = PBXBuildFile; fileRef = D85CD5762EC7B8690008E8FC /* VoiceNoteDetailView.swift */; };
		D87650122ECF3CB9006E69D6 /* AgendaView.swift in Sources */ = {isa = PBXBuildFile; fileRef = D87650112ECF3CB9006E69D6 /* AgendaView.swift */; };
		D87650142ECF3CD6006E69D6 /* Theme.swift in Sources */ = {isa = PBXBuildFile; fileRef = D87650132ECF3CD6006E69D6 /* Theme.swift */; };
		D876501A2EE32C36006E69D6 /* CalendarManager.swift in Sources */ = {isa = PBXBuildFile; fileRef = D87650192EE32C36006E69D6 /* CalendarManager.swift */; };
		D876501E2EE351DE006E69D6 /* FilterSheetView.swift in Sources */ = {isa = PBXBuildFile; fileRef = D876501D2EE351DE006E69D6 /* FilterSheetView.swift */; };
		D87650242EE36A9D006E69D6 /* RemindersManager.swift in Sources */ = {isa = PBXBuildFile; fileRef = D87650232EE36A9D006E69D6 /* RemindersManager.swift */; };
		D87650262EE36AAC006E69D6 /* ToastModifier.swift in Sources */ = {isa = PBXBuildFile; fileRef = D87650252EE36AAB006E69D6 /* ToastModifier.swift */; };
		D889E4112EB6C0AD00A8E910 /* VoiceNote.swift in Sources */ = {isa = PBXBuildFile; fileRef = D889E4102EB6C0AD00A8E910 /* VoiceNote.swift */; };
		D889E4132EB6C0DA00A8E910 /* VoiceRecorderViewModel.swift in Sources */ = {isa = PBXBuildFile; fileRef = D889E4122EB6C0DA00A8E910 /* VoiceRecorderViewModel.swift */; };
		D889E4152EB6C0EB00A8E910 /* MainView.swift in Sources */ = {isa = PBXBuildFile; fileRef = D889E4142EB6C0EB00A8E910 /* MainView.swift */; };
		D889E41B2EB8C8DD00A8E910 /* Secrets.xcconfig in Resources */ = {isa = PBXBuildFile; fileRef = D889E41A2EB8C8DD00A8E910 /* Secrets.xcconfig */; };
		D889E41E2EB8C8DD00A8E910 /* LLM_Service.swift in Sources */ = {isa = PBXBuildFile; fileRef = D889E41D2EB8C8DD00A8E910 /* LLM_Service.swift */; };
		D889E4222EB9065B00A8E910 /* GeminiAnalysisService.swift in Sources */ = {isa = PBXBuildFile; fileRef = D889E4212EB9065B00A8E910 /* GeminiAnalysisService.swift */; };
		D8F74F862E8AC7F0001D31C7 /* VoiceMindApp.swift in Sources */ = {isa = PBXBuildFile; fileRef = D8F74F852E8AC7F0001D31C7 /* VoiceMindApp.swift */; };
		D8F74F8A2E8AC7F1001D31C7 /* Assets.xcassets in Resources */ = {isa = PBXBuildFile; fileRef = D8F74F892E8AC7F1001D31C7 /* Assets.xcassets */; };
		D8F74F8D2E8AC7F1001D31C7 /* Preview Assets.xcassets in Resources */ = {isa = PBXBuildFile; fileRef = D8F74F8C2E8AC7F1001D31C7 /* Preview Assets.xcassets */; };
		D8F74F972E8AC7F1001D31C7 /* FirstAppTests.swift in Sources */ = {isa = PBXBuildFile; fileRef = D8F74F962E8AC7F1001D31C7 /* FirstAppTests.swift */; };
		D8F74FA12E8AC7F1001D31C7 /* FirstAppUITests.swift in Sources */ = {isa = PBXBuildFile; fileRef = D8F74FA02E8AC7F1001D31C7 /* FirstAppUITests.swift */; };
		D8F74FA32E8AC7F1001D31C7 /* FirstAppUITestsLaunchTests.swift in Sources */ = {isa = PBXBuildFile; fileRef = D8F74FA22E8AC7F1001D31C7 /* FirstAppUITestsLaunchTests.swift */; };
/* End PBXBuildFile section */

/* Begin PBXContainerItemProxy section */
		D8F74F932E8AC7F1001D31C7 /* PBXContainerItemProxy */ = {
			isa = PBXContainerItemProxy;
			containerPortal = D8F74F7A2E8AC7F0001D31C7 /* Project object */;
			proxyType = 1;
			remoteGlobalIDString = D8F74F812E8AC7F0001D31C7;
			remoteInfo = FirstApp;
		};
		D8F74F9D2E8AC7F1001D31C7 /* PBXContainerItemProxy */ = {
			isa = PBXContainerItemProxy;
			containerPortal = D8F74F7A2E8AC7F0001D31C7 /* Project object */;
			proxyType = 1;
			remoteGlobalIDString = D8F74F812E8AC7F0001D31C7;
			remoteInfo = FirstApp;
		};
/* End PBXContainerItemProxy section */

/* Begin PBXFileReference section */
		D85CD5722EC7B80D0008E8FC /* VoiceNotesListView.swift */ = {isa = PBXFileReference; lastKnownFileType = sourcecode.swift; path = VoiceNotesListView.swift; sourceTree = "<group>"; };
		D85CD5742EC7B8400008E8FC /* NoteRow.swift */ = {isa = PBXFileReference; lastKnownFileType = sourcecode.swift; path = NoteRow.swift; sourceTree = "<group>"; };
		D85CD5762EC7B8690008E8FC /* VoiceNoteDetailView.swift */ = {isa = PBXFileReference; lastKnownFileType = sourcecode.swift; path = VoiceNoteDetailView.swift; sourceTree = "<group>"; };
		D87650112ECF3CB9006E69D6 /* AgendaView.swift */ = {isa = PBXFileReference; fileEncoding = 4; lastKnownFileType = sourcecode.swift; path = AgendaView.swift; sourceTree = "<group>"; };
		D87650132ECF3CD6006E69D6 /* Theme.swift */ = {isa = PBXFileReference; fileEncoding = 4; lastKnownFileType = sourcecode.swift; path = Theme.swift; sourceTree = "<group>"; };
		D87650192EE32C36006E69D6 /* CalendarManager.swift */ = {isa = PBXFileReference; fileEncoding = 4; lastKnownFileType = sourcecode.swift; path = CalendarManager.swift; sourceTree = "<group>"; };
		D876501D2EE351DE006E69D6 /* FilterSheetView.swift */ = {isa = PBXFileReference; fileEncoding = 4; lastKnownFileType = sourcecode.swift; path = FilterSheetView.swift; sourceTree = "<group>"; };
		D87650232EE36A9D006E69D6 /* RemindersManager.swift */ = {isa = PBXFileReference; fileEncoding = 4; lastKnownFileType = sourcecode.swift; path = RemindersManager.swift; sourceTree = "<group>"; };
		D87650252EE36AAB006E69D6 /* ToastModifier.swift */ = {isa = PBXFileReference; fileEncoding = 4; lastKnownFileType = sourcecode.swift; path = ToastModifier.swift; sourceTree = "<group>"; };
		D889E4102EB6C0AD00A8E910 /* VoiceNote.swift */ = {isa = PBXFileReference; lastKnownFileType = sourcecode.swift; path = VoiceNote.swift; sourceTree = "<group>"; };
		D889E4122EB6C0DA00A8E910 /* VoiceRecorderViewModel.swift */ = {isa = PBXFileReference; lastKnownFileType = sourcecode.swift; path = VoiceRecorderViewModel.swift; sourceTree = "<group>"; };
		D889E4142EB6C0EB00A8E910 /* MainView.swift */ = {isa = PBXFileReference; lastKnownFileType = sourcecode.swift; path = MainView.swift; sourceTree = "<group>"; };
		D889E41A2EB8C8DD00A8E910 /* Secrets.xcconfig */ = {isa = PBXFileReference; lastKnownFileType = text.xcconfig; path = Secrets.xcconfig; sourceTree = "<group>"; };
		D889E41C2EB8C8DD00A8E910 /* Info.plist */ = {isa = PBXFileReference; lastKnownFileType = text.plist; path = Info.plist; sourceTree = "<group>"; };
		D889E41D2EB8C8DD00A8E910 /* LLM_Service.swift */ = {isa = PBXFileReference; lastKnownFileType = sourcecode.swift; path = LLM_Service.swift; sourceTree = "<group>"; };
		D889E4212EB9065B00A8E910 /* GeminiAnalysisService.swift */ = {isa = PBXFileReference; lastKnownFileType = sourcecode.swift; path = GeminiAnalysisService.swift; sourceTree = "<group>"; };
		D8F74F822E8AC7F0001D31C7 /* FirstApp.app */ = {isa = PBXFileReference; explicitFileType = wrapper.application; includeInIndex = 0; path = FirstApp.app; sourceTree = BUILT_PRODUCTS_DIR; };
		D8F74F852E8AC7F0001D31C7 /* VoiceMindApp.swift */ = {isa = PBXFileReference; lastKnownFileType = sourcecode.swift; path = VoiceMindApp.swift; sourceTree = "<group>"; };
		D8F74F892E8AC7F1001D31C7 /* Assets.xcassets */ = {isa = PBXFileReference; lastKnownFileType = folder.assetcatalog; path = Assets.xcassets; sourceTree = "<group>"; };
		D8F74F8C2E8AC7F1001D31C7 /* Preview Assets.xcassets */ = {isa = PBXFileReference; lastKnownFileType = folder.assetcatalog; path = "Preview Assets.xcassets"; sourceTree = "<group>"; };
		D8F74F922E8AC7F1001D31C7 /* FirstAppTests.xctest */ = {isa = PBXFileReference; explicitFileType = wrapper.cfbundle; includeInIndex = 0; path = FirstAppTests.xctest; sourceTree = BUILT_PRODUCTS_DIR; };
		D8F74F962E8AC7F1001D31C7 /* FirstAppTests.swift */ = {isa = PBXFileReference; lastKnownFileType = sourcecode.swift; path = FirstAppTests.swift; sourceTree = "<group>"; };
		D8F74F9C2E8AC7F1001D31C7 /* FirstAppUITests.xctest */ = {isa = PBXFileReference; explicitFileType = wrapper.cfbundle; includeInIndex = 0; path = FirstAppUITests.xctest; sourceTree = BUILT_PRODUCTS_DIR; };
		D8F74FA02E8AC7F1001D31C7 /* FirstAppUITests.swift */ = {isa = PBXFileReference; lastKnownFileType = sourcecode.swift; path = FirstAppUITests.swift; sourceTree = "<group>"; };
		D8F74FA22E8AC7F1001D31C7 /* FirstAppUITestsLaunchTests.swift */ = {isa = PBXFileReference; lastKnownFileType = sourcecode.swift; path = FirstAppUITestsLaunchTests.swift; sourceTree = "<group>"; };
/* End PBXFileReference section */

/* Begin PBXFrameworksBuildPhase section */
		D8F74F7F2E8AC7F0001D31C7 /* Frameworks */ = {
			isa = PBXFrameworksBuildPhase;
			buildActionMask = 2147483647;
			files = (
			);
			runOnlyForDeploymentPostprocessing = 0;
		};
		D8F74F8F2E8AC7F1001D31C7 /* Frameworks */ = {
			isa = PBXFrameworksBuildPhase;
			buildActionMask = 2147483647;
			files = (
			);
			runOnlyForDeploymentPostprocessing = 0;
		};
		D8F74F992E8AC7F1001D31C7 /* Frameworks */ = {
			isa = PBXFrameworksBuildPhase;
			buildActionMask = 2147483647;
			files = (
			);
			runOnlyForDeploymentPostprocessing = 0;
		};
/* End PBXFrameworksBuildPhase section */

/* Begin PBXGroup section */
		D889E40D2EB6BF8D00A8E910 /* Models */ = {
			isa = PBXGroup;
			children = (
				D889E4102EB6C0AD00A8E910 /* VoiceNote.swift */,
			);
			path = Models;
			sourceTree = "<group>";
		};
		D889E40E2EB6BF9900A8E910 /* ViewModels */ = {
			isa = PBXGroup;
			children = (
				D889E4122EB6C0DA00A8E910 /* VoiceRecorderViewModel.swift */,
			);
			path = ViewModels;
			sourceTree = "<group>";
		};
		D889E40F2EB6BFA000A8E910 /* Views */ = {
			isa = PBXGroup;
			children = (
				D876501D2EE351DE006E69D6 /* FilterSheetView.swift */,
				D87650112ECF3CB9006E69D6 /* AgendaView.swift */,
				D85CD5722EC7B80D0008E8FC /* VoiceNotesListView.swift */,
				D85CD5762EC7B8690008E8FC /* VoiceNoteDetailView.swift */,
				D889E4142EB6C0EB00A8E910 /* MainView.swift */,
			);
			path = Views;
			sourceTree = "<group>";
		};
		D8F74F792E8AC7F0001D31C7 = {
			isa = PBXGroup;
			children = (
				D8F74F842E8AC7F0001D31C7 /* FirstApp */,
				D8F74F952E8AC7F1001D31C7 /* FirstAppTests */,
				D8F74F9F2E8AC7F1001D31C7 /* FirstAppUITests */,
				D8F74F832E8AC7F0001D31C7 /* Products */,
			);
			sourceTree = "<group>";
		};
		D8F74F832E8AC7F0001D31C7 /* Products */ = {
			isa = PBXGroup;
			children = (
				D8F74F822E8AC7F0001D31C7 /* FirstApp.app */,
				D8F74F922E8AC7F1001D31C7 /* FirstAppTests.xctest */,
				D8F74F9C2E8AC7F1001D31C7 /* FirstAppUITests.xctest */,
			);
			name = Products;
			sourceTree = "<group>";
		};
		D8F74F842E8AC7F0001D31C7 /* FirstApp */ = {
			isa = PBXGroup;
			children = (
				D87650252EE36AAB006E69D6 /* ToastModifier.swift */,
				D87650232EE36A9D006E69D6 /* RemindersManager.swift */,
				D87650192EE32C36006E69D6 /* CalendarManager.swift */,
				D87650132ECF3CD6006E69D6 /* Theme.swift */,
				D889E41C2EB8C8DD00A8E910 /* Info.plist */,
				D889E40F2EB6BFA000A8E910 /* Views */,
				D889E40E2EB6BF9900A8E910 /* ViewModels */,
				D889E40D2EB6BF8D00A8E910 /* Models */,
				D8F74F852E8AC7F0001D31C7 /* VoiceMindApp.swift */,
				D889E41A2EB8C8DD00A8E910 /* Secrets.xcconfig */,
				D8F74F892E8AC7F1001D31C7 /* Assets.xcassets */,
				D8F74F8B2E8AC7F1001D31C7 /* Preview Content */,
				D889E41D2EB8C8DD00A8E910 /* LLM_Service.swift */,
				D889E4212EB9065B00A8E910 /* GeminiAnalysisService.swift */,
				D85CD5742EC7B8400008E8FC /* NoteRow.swift */,
			);
			path = FirstApp;
			sourceTree = "<group>";
		};
		D8F74F8B2E8AC7F1001D31C7 /* Preview Content */ = {
			isa = PBXGroup;
			children = (
				D8F74F8C2E8AC7F1001D31C7 /* Preview Assets.xcassets */,
			);
			path = "Preview Content";
			sourceTree = "<group>";
		};
		D8F74F952E8AC7F1001D31C7 /* FirstAppTests */ = {
			isa = PBXGroup;
			children = (
				D8F74F962E8AC7F1001D31C7 /* FirstAppTests.swift */,
			);
			path = FirstAppTests;
			sourceTree = "<group>";
		};
		D8F74F9F2E8AC7F1001D31C7 /* FirstAppUITests */ = {
			isa = PBXGroup;
			children = (
				D8F74FA02E8AC7F1001D31C7 /* FirstAppUITests.swift */,
				D8F74FA22E8AC7F1001D31C7 /* FirstAppUITestsLaunchTests.swift */,
			);
			path = FirstAppUITests;
			sourceTree = "<group>";
		};
/* End PBXGroup section */

/* Begin PBXNativeTarget section */
		D8F74F812E8AC7F0001D31C7 /* FirstApp */ = {
			isa = PBXNativeTarget;
			buildConfigurationList = D8F74FA62E8AC7F1001D31C7 /* Build configuration list for PBXNativeTarget "FirstApp" */;
			buildPhases = (
				D8F74F7E2E8AC7F0001D31C7 /* Sources */,
				D8F74F7F2E8AC7F0001D31C7 /* Frameworks */,
				D8F74F802E8AC7F0001D31C7 /* Resources */,
			);
			buildRules = (
			);
			dependencies = (
			);
			name = FirstApp;
			productName = FirstApp;
			productReference = D8F74F822E8AC7F0001D31C7 /* FirstApp.app */;
			productType = "com.apple.product-type.application";
		};
		D8F74F912E8AC7F1001D31C7 /* FirstAppTests */ = {
			isa = PBXNativeTarget;
			buildConfigurationList = D8F74FA92E8AC7F1001D31C7 /* Build configuration list for PBXNativeTarget "FirstAppTests" */;
			buildPhases = (
				D8F74F8E2E8AC7F1001D31C7 /* Sources */,
				D8F74F8F2E8AC7F1001D31C7 /* Frameworks */,
				D8F74F902E8AC7F1001D31C7 /* Resources */,
			);
			buildRules = (
			);
			dependencies = (
				D8F74F942E8AC7F1001D31C7 /* PBXTargetDependency */,
			);
			name = FirstAppTests;
			productName = FirstAppTests;
			productReference = D8F74F922E8AC7F1001D31C7 /* FirstAppTests.xctest */;
			productType = "com.apple.product-type.bundle.unit-test";
		};
		D8F74F9B2E8AC7F1001D31C7 /* FirstAppUITests */ = {
			isa = PBXNativeTarget;
			buildConfigurationList = D8F74FAC2E8AC7F1001D31C7 /* Build configuration list for PBXNativeTarget "FirstAppUITests" */;
			buildPhases = (
				D8F74F982E8AC7F1001D31C7 /* Sources */,
				D8F74F992E8AC7F1001D31C7 /* Frameworks */,
				D8F74F9A2E8AC7F1001D31C7 /* Resources */,
			);
			buildRules = (
			);
			dependencies = (
				D8F74F9E2E8AC7F1001D31C7 /* PBXTargetDependency */,
			);
			name = FirstAppUITests;
			productName = FirstAppUITests;
			productReference = D8F74F9C2E8AC7F1001D31C7 /* FirstAppUITests.xctest */;
			productType = "com.apple.product-type.bundle.ui-testing";
		};
/* End PBXNativeTarget section */

/* Begin PBXProject section */
		D8F74F7A2E8AC7F0001D31C7 /* Project object */ = {
			isa = PBXProject;
			attributes = {
				BuildIndependentTargetsInParallel = 1;
				LastSwiftUpdateCheck = 1510;
				LastUpgradeCheck = 1510;
				TargetAttributes = {
					D8F74F812E8AC7F0001D31C7 = {
						CreatedOnToolsVersion = 15.1;
					};
					D8F74F912E8AC7F1001D31C7 = {
						CreatedOnToolsVersion = 15.1;
						TestTargetID = D8F74F812E8AC7F0001D31C7;
					};
					D8F74F9B2E8AC7F1001D31C7 = {
						CreatedOnToolsVersion = 15.1;
						TestTargetID = D8F74F812E8AC7F0001D31C7;
					};
				};
			};
			buildConfigurationList = D8F74F7D2E8AC7F0001D31C7 /* Build configuration list for PBXProject "FirstApp" */;
			compatibilityVersion = "Xcode 15.0";
			developmentRegion = en;
			hasScannedForEncodings = 0;
			knownRegions = (
				en,
				Base,
			);
			mainGroup = D8F74F792E8AC7F0001D31C7;
			packageReferences = (
			);
			productRefGroup = D8F74F832E8AC7F0001D31C7 /* Products */;
			projectDirPath = "";
			projectRoot = "";
			targets = (
				D8F74F812E8AC7F0001D31C7 /* FirstApp */,
				D8F74F912E8AC7F1001D31C7 /* FirstAppTests */,
				D8F74F9B2E8AC7F1001D31C7 /* FirstAppUITests */,
			);
		};
/* End PBXProject section */

/* Begin PBXResourcesBuildPhase section */
		D8F74F802E8AC7F0001D31C7 /* Resources */ = {
			isa = PBXResourcesBuildPhase;
			buildActionMask = 2147483647;
			files = (
				D8F74F8D2E8AC7F1001D31C7 /* Preview Assets.xcassets in Resources */,
				D8F74F8A2E8AC7F1001D31C7 /* Assets.xcassets in Resources */,
				D889E41B2EB8C8DD00A8E910 /* Secrets.xcconfig in Resources */,
			);
			runOnlyForDeploymentPostprocessing = 0;
		};
		D8F74F902E8AC7F1001D31C7 /* Resources */ = {
			isa = PBXResourcesBuildPhase;
			buildActionMask = 2147483647;
			files = (
			);
			runOnlyForDeploymentPostprocessing = 0;
		};
		D8F74F9A2E8AC7F1001D31C7 /* Resources */ = {
			isa = PBXResourcesBuildPhase;
			buildActionMask = 2147483647;
			files = (
			);
			runOnlyForDeploymentPostprocessing = 0;
		};
/* End PBXResourcesBuildPhase section */

/* Begin PBXSourcesBuildPhase section */
		D8F74F7E2E8AC7F0001D31C7 /* Sources */ = {
			isa = PBXSourcesBuildPhase;
			buildActionMask = 2147483647;
			files = (
				D876501E2EE351DE006E69D6 /* FilterSheetView.swift in Sources */,
				D889E4112EB6C0AD00A8E910 /* VoiceNote.swift in Sources */,
				D85CD5732EC7B80D0008E8FC /* VoiceNotesListView.swift in Sources */,
				D8F74F862E8AC7F0001D31C7 /* VoiceMindApp.swift in Sources */,
				D889E41E2EB8C8DD00A8E910 /* LLM_Service.swift in Sources */,
				D889E4152EB6C0EB00A8E910 /* MainView.swift in Sources */,
				D85CD5752EC7B8400008E8FC /* NoteRow.swift in Sources */,
				D87650242EE36A9D006E69D6 /* RemindersManager.swift in Sources */,
				D889E4222EB9065B00A8E910 /* GeminiAnalysisService.swift in Sources */,
				D889E4132EB6C0DA00A8E910 /* VoiceRecorderViewModel.swift in Sources */,
				D87650142ECF3CD6006E69D6 /* Theme.swift in Sources */,
				D876501A2EE32C36006E69D6 /* CalendarManager.swift in Sources */,
				D87650122ECF3CB9006E69D6 /* AgendaView.swift in Sources */,
				D87650262EE36AAC006E69D6 /* ToastModifier.swift in Sources */,
				D85CD5772EC7B8690008E8FC /* VoiceNoteDetailView.swift in Sources */,
			);
			runOnlyForDeploymentPostprocessing = 0;
		};
		D8F74F8E2E8AC7F1001D31C7 /* Sources */ = {
			isa = PBXSourcesBuildPhase;
			buildActionMask = 2147483647;
			files = (
				D8F74F972E8AC7F1001D31C7 /* FirstAppTests.swift in Sources */,
			);
			runOnlyForDeploymentPostprocessing = 0;
		};
		D8F74F982E8AC7F1001D31C7 /* Sources */ = {
			isa = PBXSourcesBuildPhase;
			buildActionMask = 2147483647;
			files = (
				D8F74FA32E8AC7F1001D31C7 /* FirstAppUITestsLaunchTests.swift in Sources */,
				D8F74FA12E8AC7F1001D31C7 /* FirstAppUITests.swift in Sources */,
			);
			runOnlyForDeploymentPostprocessing = 0;
		};
/* End PBXSourcesBuildPhase section */

/* Begin PBXTargetDependency section */
		D8F74F942E8AC7F1001D31C7 /* PBXTargetDependency */ = {
			isa = PBXTargetDependency;
			target = D8F74F812E8AC7F0001D31C7 /* FirstApp */;
			targetProxy = D8F74F932E8AC7F1001D31C7 /* PBXContainerItemProxy */;
		};
		D8F74F9E2E8AC7F1001D31C7 /* PBXTargetDependency */ = {
			isa = PBXTargetDependency;
			target = D8F74F812E8AC7F0001D31C7 /* FirstApp */;
			targetProxy = D8F74F9D2E8AC7F1001D31C7 /* PBXContainerItemProxy */;
		};
/* End PBXTargetDependency section */

/* Begin XCBuildConfiguration section */
		D8F74FA42E8AC7F1001D31C7 /* Debug */ = {
			isa = XCBuildConfiguration;
			baseConfigurationReference = D889E41A2EB8C8DD00A8E910 /* Secrets.xcconfig */;
			buildSettings = {
				ALWAYS_SEARCH_USER_PATHS = NO;
				ASSETCATALOG_COMPILER_GENERATE_SWIFT_ASSET_SYMBOL_EXTENSIONS = YES;
				CLANG_ANALYZER_NONNULL = YES;
				CLANG_ANALYZER_NUMBER_OBJECT_CONVERSION = YES_AGGRESSIVE;
				CLANG_CXX_LANGUAGE_STANDARD = "gnu++20";
				CLANG_ENABLE_MODULES = YES;
				CLANG_ENABLE_OBJC_ARC = YES;
				CLANG_ENABLE_OBJC_WEAK = YES;
				CLANG_WARN_BLOCK_CAPTURE_AUTORELEASING = YES;
				CLANG_WARN_BOOL_CONVERSION = YES;
				CLANG_WARN_COMMA = YES;
				CLANG_WARN_CONSTANT_CONVERSION = YES;
				CLANG_WARN_DEPRECATED_OBJC_IMPLEMENTATIONS = YES;
				CLANG_WARN_DIRECT_OBJC_ISA_USAGE = YES_ERROR;
				CLANG_WARN_DOCUMENTATION_COMMENTS = YES;
				CLANG_WARN_EMPTY_BODY = YES;
				CLANG_WARN_ENUM_CONVERSION = YES;
				CLANG_WARN_INFINITE_RECURSION = YES;
				CLANG_WARN_INT_CONVERSION = YES;
				CLANG_WARN_NON_LITERAL_NULL_CONVERSION = YES;
				CLANG_WARN_OBJC_IMPLICIT_RETAIN_SELF = YES;
				CLANG_WARN_OBJC_LITERAL_CONVERSION = YES;
				CLANG_WARN_OBJC_ROOT_CLASS = YES_ERROR;
				CLANG_WARN_QUOTED_INCLUDE_IN_FRAMEWORK_HEADER = YES;
				CLANG_WARN_RANGE_LOOP_ANALYSIS = YES;
				CLANG_WARN_STRICT_PROTOTYPES = YES;
				CLANG_WARN_SUSPICIOUS_MOVE = YES;
				CLANG_WARN_UNGUARDED_AVAILABILITY = YES_AGGRESSIVE;
				CLANG_WARN_UNREACHABLE_CODE = YES;
				CLANG_WARN__DUPLICATE_METHOD_MATCH = YES;
				COPY_PHASE_STRIP = NO;
				DEBUG_INFORMATION_FORMAT = dwarf;
				ENABLE_STRICT_OBJC_MSGSEND = YES;
				ENABLE_TESTABILITY = YES;
				ENABLE_USER_SCRIPT_SANDBOXING = YES;
				GCC_C_LANGUAGE_STANDARD = gnu17;
				GCC_DYNAMIC_NO_PIC = NO;
				GCC_NO_COMMON_BLOCKS = YES;
				GCC_OPTIMIZATION_LEVEL = 0;
				GCC_PREPROCESSOR_DEFINITIONS = (
					"DEBUG=1",
					"$(inherited)",
				);
				GCC_WARN_64_TO_32_BIT_CONVERSION = YES;
				GCC_WARN_ABOUT_RETURN_TYPE = YES_ERROR;
				GCC_WARN_UNDECLARED_SELECTOR = YES;
				GCC_WARN_UNINITIALIZED_AUTOS = YES_AGGRESSIVE;
				GCC_WARN_UNUSED_FUNCTION = YES;
				GCC_WARN_UNUSED_VARIABLE = YES;
				IPHONEOS_DEPLOYMENT_TARGET = 17.0;
				LOCALIZATION_PREFERS_STRING_CATALOGS = YES;
				MTL_ENABLE_DEBUG_INFO = INCLUDE_SOURCE;
				MTL_FAST_MATH = YES;
				ONLY_ACTIVE_ARCH = YES;
				SDKROOT = iphoneos;
				SWIFT_ACTIVE_COMPILATION_CONDITIONS = "DEBUG $(inherited)";
				SWIFT_OPTIMIZATION_LEVEL = "-Onone";
			};
			name = Debug;
		};
		D8F74FA52E8AC7F1001D31C7 /* Release */ = {
			isa = XCBuildConfiguration;
			baseConfigurationReference = D889E41A2EB8C8DD00A8E910 /* Secrets.xcconfig */;
			buildSettings = {
				ALWAYS_SEARCH_USER_PATHS = NO;
				ASSETCATALOG_COMPILER_GENERATE_SWIFT_ASSET_SYMBOL_EXTENSIONS = YES;
				CLANG_ANALYZER_NONNULL = YES;
				CLANG_ANALYZER_NUMBER_OBJECT_CONVERSION = YES_AGGRESSIVE;
				CLANG_CXX_LANGUAGE_STANDARD = "gnu++20";
				CLANG_ENABLE_MODULES = YES;
				CLANG_ENABLE_OBJC_ARC = YES;
				CLANG_ENABLE_OBJC_WEAK = YES;
				CLANG_WARN_BLOCK_CAPTURE_AUTORELEASING = YES;
				CLANG_WARN_BOOL_CONVERSION = YES;
				CLANG_WARN_COMMA = YES;
				CLANG_WARN_CONSTANT_CONVERSION = YES;
				CLANG_WARN_DEPRECATED_OBJC_IMPLEMENTATIONS = YES;
				CLANG_WARN_DIRECT_OBJC_ISA_USAGE = YES_ERROR;
				CLANG_WARN_DOCUMENTATION_COMMENTS = YES;
				CLANG_WARN_EMPTY_BODY = YES;
				CLANG_WARN_ENUM_CONVERSION = YES;
				CLANG_WARN_INFINITE_RECURSION = YES;
				CLANG_WARN_INT_CONVERSION = YES;
				CLANG_WARN_NON_LITERAL_NULL_CONVERSION = YES;
				CLANG_WARN_OBJC_IMPLICIT_RETAIN_SELF = YES;
				CLANG_WARN_OBJC_LITERAL_CONVERSION = YES;
				CLANG_WARN_OBJC_ROOT_CLASS = YES_ERROR;
				CLANG_WARN_QUOTED_INCLUDE_IN_FRAMEWORK_HEADER = YES;
				CLANG_WARN_RANGE_LOOP_ANALYSIS = YES;
				CLANG_WARN_STRICT_PROTOTYPES = YES;
				CLANG_WARN_SUSPICIOUS_MOVE = YES;
				CLANG_WARN_UNGUARDED_AVAILABILITY = YES_AGGRESSIVE;
				CLANG_WARN_UNREACHABLE_CODE = YES;
				CLANG_WARN__DUPLICATE_METHOD_MATCH = YES;
				COPY_PHASE_STRIP = NO;
				DEBUG_INFORMATION_FORMAT = "dwarf-with-dsym";
				ENABLE_NS_ASSERTIONS = NO;
				ENABLE_STRICT_OBJC_MSGSEND = YES;
				ENABLE_USER_SCRIPT_SANDBOXING = YES;
				GCC_C_LANGUAGE_STANDARD = gnu17;
				GCC_NO_COMMON_BLOCKS = YES;
				GCC_WARN_64_TO_32_BIT_CONVERSION = YES;
				GCC_WARN_ABOUT_RETURN_TYPE = YES_ERROR;
				GCC_WARN_UNDECLARED_SELECTOR = YES;
				GCC_WARN_UNINITIALIZED_AUTOS = YES_AGGRESSIVE;
				GCC_WARN_UNUSED_FUNCTION = YES;
				GCC_WARN_UNUSED_VARIABLE = YES;
				IPHONEOS_DEPLOYMENT_TARGET = 17.0;
				LOCALIZATION_PREFERS_STRING_CATALOGS = YES;
				MTL_ENABLE_DEBUG_INFO = NO;
				MTL_FAST_MATH = YES;
				SDKROOT = iphoneos;
				SWIFT_COMPILATION_MODE = wholemodule;
				VALIDATE_PRODUCT = YES;
			};
			name = Release;
		};
		D8F74FA72E8AC7F1001D31C7 /* Debug */ = {
			isa = XCBuildConfiguration;
			baseConfigurationReference = D889E41A2EB8C8DD00A8E910 /* Secrets.xcconfig */;
			buildSettings = {
				ASSETCATALOG_COMPILER_APPICON_NAME = AppIcon;
				ASSETCATALOG_COMPILER_GLOBAL_ACCENT_COLOR_NAME = AccentColor;
				CODE_SIGN_STYLE = Automatic;
				CURRENT_PROJECT_VERSION = 1;
				DEVELOPMENT_ASSET_PATHS = "\"FirstApp/Preview Content\"";
				ENABLE_PREVIEWS = YES;
				GENERATE_INFOPLIST_FILE = YES;
				INFOPLIST_FILE = FirstApp/Info.plist;
				INFOPLIST_KEY_NSCalendarsUsageDescription = "Voice Mind needs access to your calendar to schedule events.";
				INFOPLIST_KEY_NSMicrophoneUsageDescription = "Voice mind needs access to your microphone to record audio notes.";
				INFOPLIST_KEY_NSSpeechRecognitionUsageDescription = "Voice Mind needs access to speech recognition to transcribe your voice notes!";
				INFOPLIST_KEY_UIApplicationSceneManifest_Generation = YES;
				INFOPLIST_KEY_UIApplicationSupportsIndirectInputEvents = YES;
				INFOPLIST_KEY_UILaunchScreen_Generation = YES;
				INFOPLIST_KEY_UISupportedInterfaceOrientations_iPad = "UIInterfaceOrientationPortrait UIInterfaceOrientationPortraitUpsideDown UIInterfaceOrientationLandscapeLeft UIInterfaceOrientationLandscapeRight";
				INFOPLIST_KEY_UISupportedInterfaceOrientations_iPhone = "UIInterfaceOrientationPortrait UIInterfaceOrientationLandscapeLeft UIInterfaceOrientationLandscapeRight";
				LD_RUNPATH_SEARCH_PATHS = (
					"$(inherited)",
					"@executable_path/Frameworks",
				);
				MARKETING_VERSION = 1.0;
				PRODUCT_BUNDLE_IDENTIFIER = me.myself.i.FirstApp;
				PRODUCT_NAME = "$(TARGET_NAME)";
				SWIFT_EMIT_LOC_STRINGS = YES;
				SWIFT_VERSION = 5.0;
				TARGETED_DEVICE_FAMILY = "1,2";
			};
			name = Debug;
		};
		D8F74FA82E8AC7F1001D31C7 /* Release */ = {
			isa = XCBuildConfiguration;
			baseConfigurationReference = D889E41A2EB8C8DD00A8E910 /* Secrets.xcconfig */;
			buildSettings = {
				ASSETCATALOG_COMPILER_APPICON_NAME = AppIcon;
				ASSETCATALOG_COMPILER_GLOBAL_ACCENT_COLOR_NAME = AccentColor;
				CODE_SIGN_STYLE = Automatic;
				CURRENT_PROJECT_VERSION = 1;
				DEVELOPMENT_ASSET_PATHS = "\"FirstApp/Preview Content\"";
				ENABLE_PREVIEWS = YES;
				GENERATE_INFOPLIST_FILE = YES;
				INFOPLIST_FILE = FirstApp/Info.plist;
				INFOPLIST_KEY_NSCalendarsUsageDescription = "Voice Mind needs access to your calendar to schedule events.";
				INFOPLIST_KEY_NSMicrophoneUsageDescription = "Voice mind needs access to your microphone to record audio notes.";
				INFOPLIST_KEY_NSSpeechRecognitionUsageDescription = "Voice Mind needs access to speech recognition to transcribe your voice notes!";
				INFOPLIST_KEY_UIApplicationSceneManifest_Generation = YES;
				INFOPLIST_KEY_UIApplicationSupportsIndirectInputEvents = YES;
				INFOPLIST_KEY_UILaunchScreen_Generation = YES;
				INFOPLIST_KEY_UISupportedInterfaceOrientations_iPad = "UIInterfaceOrientationPortrait UIInterfaceOrientationPortraitUpsideDown UIInterfaceOrientationLandscapeLeft UIInterfaceOrientationLandscapeRight";
				INFOPLIST_KEY_UISupportedInterfaceOrientations_iPhone = "UIInterfaceOrientationPortrait UIInterfaceOrientationLandscapeLeft UIInterfaceOrientationLandscapeRight";
				LD_RUNPATH_SEARCH_PATHS = (
					"$(inherited)",
					"@executable_path/Frameworks",
				);
				MARKETING_VERSION = 1.0;
				PRODUCT_BUNDLE_IDENTIFIER = me.myself.i.FirstApp;
				PRODUCT_NAME = "$(TARGET_NAME)";
				SWIFT_EMIT_LOC_STRINGS = YES;
				SWIFT_VERSION = 5.0;
				TARGETED_DEVICE_FAMILY = "1,2";
			};
			name = Release;
		};
		D8F74FAA2E8AC7F1001D31C7 /* Debug */ = {
			isa = XCBuildConfiguration;
			buildSettings = {
				ALWAYS_EMBED_SWIFT_STANDARD_LIBRARIES = YES;
				BUNDLE_LOADER = "$(TEST_HOST)";
				CODE_SIGN_STYLE = Automatic;
				CURRENT_PROJECT_VERSION = 1;
				GENERATE_INFOPLIST_FILE = YES;
				IPHONEOS_DEPLOYMENT_TARGET = 17.2;
				MARKETING_VERSION = 1.0;
				PRODUCT_BUNDLE_IDENTIFIER = me.myself.i.FirstAppTests;
				PRODUCT_NAME = "$(TARGET_NAME)";
				SWIFT_EMIT_LOC_STRINGS = NO;
				SWIFT_VERSION = 5.0;
				TARGETED_DEVICE_FAMILY = "1,2";
				TEST_HOST = "$(BUILT_PRODUCTS_DIR)/FirstApp.app/$(BUNDLE_EXECUTABLE_FOLDER_PATH)/FirstApp";
			};
			name = Debug;
		};
		D8F74FAB2E8AC7F1001D31C7 /* Release */ = {
			isa = XCBuildConfiguration;
			buildSettings = {
				ALWAYS_EMBED_SWIFT_STANDARD_LIBRARIES = YES;
				BUNDLE_LOADER = "$(TEST_HOST)";
				CODE_SIGN_STYLE = Automatic;
				CURRENT_PROJECT_VERSION = 1;
				GENERATE_INFOPLIST_FILE = YES;
				IPHONEOS_DEPLOYMENT_TARGET = 17.2;
				MARKETING_VERSION = 1.0;
				PRODUCT_BUNDLE_IDENTIFIER = me.myself.i.FirstAppTests;
				PRODUCT_NAME = "$(TARGET_NAME)";
				SWIFT_EMIT_LOC_STRINGS = NO;
				SWIFT_VERSION = 5.0;
				TARGETED_DEVICE_FAMILY = "1,2";
				TEST_HOST = "$(BUILT_PRODUCTS_DIR)/FirstApp.app/$(BUNDLE_EXECUTABLE_FOLDER_PATH)/FirstApp";
			};
			name = Release;
		};
		D8F74FAD2E8AC7F1001D31C7 /* Debug */ = {
			isa = XCBuildConfiguration;
			buildSettings = {
				ALWAYS_EMBED_SWIFT_STANDARD_LIBRARIES = YES;
				CODE_SIGN_STYLE = Automatic;
				CURRENT_PROJECT_VERSION = 1;
				GENERATE_INFOPLIST_FILE = YES;
				MARKETING_VERSION = 1.0;
				PRODUCT_BUNDLE_IDENTIFIER = me.myself.i.FirstAppUITests;
				PRODUCT_NAME = "$(TARGET_NAME)";
				SWIFT_EMIT_LOC_STRINGS = NO;
				SWIFT_VERSION = 5.0;
				TARGETED_DEVICE_FAMILY = "1,2";
				TEST_TARGET_NAME = FirstApp;
			};
			name = Debug;
		};
		D8F74FAE2E8AC7F1001D31C7 /* Release */ = {
			isa = XCBuildConfiguration;
			buildSettings = {
				ALWAYS_EMBED_SWIFT_STANDARD_LIBRARIES = YES;
				CODE_SIGN_STYLE = Automatic;
				CURRENT_PROJECT_VERSION = 1;
				GENERATE_INFOPLIST_FILE = YES;
				MARKETING_VERSION = 1.0;
				PRODUCT_BUNDLE_IDENTIFIER = me.myself.i.FirstAppUITests;
				PRODUCT_NAME = "$(TARGET_NAME)";
				SWIFT_EMIT_LOC_STRINGS = NO;
				SWIFT_VERSION = 5.0;
				TARGETED_DEVICE_FAMILY = "1,2";
				TEST_TARGET_NAME = FirstApp;
			};
			name = Release;
		};
/* End XCBuildConfiguration section */

/* Begin XCConfigurationList section */
		D8F74F7D2E8AC7F0001D31C7 /* Build configuration list for PBXProject "FirstApp" */ = {
			isa = XCConfigurationList;
			buildConfigurations = (
				D8F74FA42E8AC7F1001D31C7 /* Debug */,
				D8F74FA52E8AC7F1001D31C7 /* Release */,
			);
			defaultConfigurationIsVisible = 0;
			defaultConfigurationName = Release;
		};
		D8F74FA62E8AC7F1001D31C7 /* Build configuration list for PBXNativeTarget "FirstApp" */ = {
			isa = XCConfigurationList;
			buildConfigurations = (
				D8F74FA72E8AC7F1001D31C7 /* Debug */,
				D8F74FA82E8AC7F1001D31C7 /* Release */,
			);
			defaultConfigurationIsVisible = 0;
			defaultConfigurationName = Release;
		};
		D8F74FA92E8AC7F1001D31C7 /* Build configuration list for PBXNativeTarget "FirstAppTests" */ = {
			isa = XCConfigurationList;
			buildConfigurations = (
				D8F74FAA2E8AC7F1001D31C7 /* Debug */,
				D8F74FAB2E8AC7F1001D31C7 /* Release */,
			);
			defaultConfigurationIsVisible = 0;
			defaultConfigurationName = Release;
		};
		D8F74FAC2E8AC7F1001D31C7 /* Build configuration list for PBXNativeTarget "FirstAppUITests" */ = {
			isa = XCConfigurationList;
			buildConfigurations = (
				D8F74FAD2E8AC7F1001D31C7 /* Debug */,
				D8F74FAE2E8AC7F1001D31C7 /* Release */,
			);
			defaultConfigurationIsVisible = 0;
			defaultConfigurationName = Release;
		};
/* End XCConfigurationList section */
	};
	rootObject = D8F74F7A2E8AC7F0001D31C7 /* Project object */;
}
